// !$*UTF8*$!
{
	archiveVersion = 1;
	classes = {
	};
	objectVersion = 55;
	objects = {

/* Begin PBXBuildFile section */
		2511CEC0280E0FE80085AF4C /* InfraViewController.swift in Sources */ = {isa = PBXBuildFile; fileRef = 2511CEBF280E0FE80085AF4C /* InfraViewController.swift */; };
		2511CEC4280E109E0085AF4C /* InfraView.swift in Sources */ = {isa = PBXBuildFile; fileRef = 2511CEC3280E109E0085AF4C /* InfraView.swift */; };
		2511CEC6280E2E600085AF4C /* ParkingMapView.swift in Sources */ = {isa = PBXBuildFile; fileRef = 2511CEC5280E2E600085AF4C /* ParkingMapView.swift */; };
		256B574227FCE920001FF7EE /* FeedbackView.swift in Sources */ = {isa = PBXBuildFile; fileRef = 256B574127FCE920001FF7EE /* FeedbackView.swift */; };
		4202385327E8285F0042E988 /* Assets.xcassets in Resources */ = {isa = PBXBuildFile; fileRef = 4202385227E8285F0042E988 /* Assets.xcassets */; };
		4202385627E8285F0042E988 /* Preview Assets.xcassets in Resources */ = {isa = PBXBuildFile; fileRef = 4202385527E8285F0042E988 /* Preview Assets.xcassets */; };
		4202386027E8285F0042E988 /* ScooterTests.swift in Sources */ = {isa = PBXBuildFile; fileRef = 4202385F27E8285F0042E988 /* ScooterTests.swift */; };
		4202386A27E8285F0042E988 /* ScooterUITests.swift in Sources */ = {isa = PBXBuildFile; fileRef = 4202386927E8285F0042E988 /* ScooterUITests.swift */; };
		4202386C27E8285F0042E988 /* ScooterUITestsLaunchTests.swift in Sources */ = {isa = PBXBuildFile; fileRef = 4202386B27E8285F0042E988 /* ScooterUITestsLaunchTests.swift */; };
		4202387F27E835BB0042E988 /* MainView.swift in Sources */ = {isa = PBXBuildFile; fileRef = 4202387E27E835BB0042E988 /* MainView.swift */; };
		4202388127E83A9F0042E988 /* BusView.swift in Sources */ = {isa = PBXBuildFile; fileRef = 4202388027E83A9F0042E988 /* BusView.swift */; };
		4202388327E83CAC0042E988 /* WalkView.swift in Sources */ = {isa = PBXBuildFile; fileRef = 4202388227E83CAC0042E988 /* WalkView.swift */; };
		4202388527E83FDE0042E988 /* ContentView.swift in Sources */ = {isa = PBXBuildFile; fileRef = 4202388427E83FDE0042E988 /* ContentView.swift */; };
		4202388727E83FEC0042E988 /* LandmarksApp.swift in Sources */ = {isa = PBXBuildFile; fileRef = 4202388627E83FEC0042E988 /* LandmarksApp.swift */; };
		4202388927E83FF90042E988 /* MapView.swift in Sources */ = {isa = PBXBuildFile; fileRef = 4202388827E83FF90042E988 /* MapView.swift */; };
		800706B127FE22E900EC42E1 /* Alamofire in Frameworks */ = {isa = PBXBuildFile; productRef = 800706B027FE22E900EC42E1 /* Alamofire */; };
		801C3FE827E9056900F9556C /* ParkView.swift in Sources */ = {isa = PBXBuildFile; fileRef = 801C3FE727E9056900F9556C /* ParkView.swift */; };
		801C3FEA27E908E300F9556C /* StartView.swift in Sources */ = {isa = PBXBuildFile; fileRef = 801C3FE927E908E300F9556C /* StartView.swift */; };
		E39CACFE27FE23BD00752686 /* Alamofire in Frameworks */ = {isa = PBXBuildFile; productRef = E39CACFD27FE23BD00752686 /* Alamofire */; };
/* End PBXBuildFile section */

/* Begin PBXContainerItemProxy section */
		4202385C27E8285F0042E988 /* PBXContainerItemProxy */ = {
			isa = PBXContainerItemProxy;
			containerPortal = 4202384327E8285D0042E988 /* Project object */;
			proxyType = 1;
			remoteGlobalIDString = 4202384A27E8285D0042E988;
			remoteInfo = Scooter;
		};
		4202386627E8285F0042E988 /* PBXContainerItemProxy */ = {
			isa = PBXContainerItemProxy;
			containerPortal = 4202384327E8285D0042E988 /* Project object */;
			proxyType = 1;
			remoteGlobalIDString = 4202384A27E8285D0042E988;
			remoteInfo = Scooter;
		};
/* End PBXContainerItemProxy section */

/* Begin PBXFileReference section */
		2511CEBF280E0FE80085AF4C /* InfraViewController.swift */ = {isa = PBXFileReference; lastKnownFileType = sourcecode.swift; path = InfraViewController.swift; sourceTree = "<group>"; };
		2511CEC3280E109E0085AF4C /* InfraView.swift */ = {isa = PBXFileReference; lastKnownFileType = sourcecode.swift; path = InfraView.swift; sourceTree = "<group>"; };
		2511CEC5280E2E600085AF4C /* ParkingMapView.swift */ = {isa = PBXFileReference; lastKnownFileType = sourcecode.swift; path = ParkingMapView.swift; sourceTree = "<group>"; };
		256B574127FCE920001FF7EE /* FeedbackView.swift */ = {isa = PBXFileReference; lastKnownFileType = sourcecode.swift; path = FeedbackView.swift; sourceTree = "<group>"; };
		4202384B27E8285D0042E988 /* Scooter.app */ = {isa = PBXFileReference; explicitFileType = wrapper.application; includeInIndex = 0; path = Scooter.app; sourceTree = BUILT_PRODUCTS_DIR; };
		4202385227E8285F0042E988 /* Assets.xcassets */ = {isa = PBXFileReference; lastKnownFileType = folder.assetcatalog; path = Assets.xcassets; sourceTree = "<group>"; };
		4202385527E8285F0042E988 /* Preview Assets.xcassets */ = {isa = PBXFileReference; lastKnownFileType = folder.assetcatalog; path = "Preview Assets.xcassets"; sourceTree = "<group>"; };
		4202385B27E8285F0042E988 /* ScooterTests.xctest */ = {isa = PBXFileReference; explicitFileType = wrapper.cfbundle; includeInIndex = 0; path = ScooterTests.xctest; sourceTree = BUILT_PRODUCTS_DIR; };
		4202385F27E8285F0042E988 /* ScooterTests.swift */ = {isa = PBXFileReference; lastKnownFileType = sourcecode.swift; path = ScooterTests.swift; sourceTree = "<group>"; };
		4202386527E8285F0042E988 /* ScooterUITests.xctest */ = {isa = PBXFileReference; explicitFileType = wrapper.cfbundle; includeInIndex = 0; path = ScooterUITests.xctest; sourceTree = BUILT_PRODUCTS_DIR; };
		4202386927E8285F0042E988 /* ScooterUITests.swift */ = {isa = PBXFileReference; lastKnownFileType = sourcecode.swift; path = ScooterUITests.swift; sourceTree = "<group>"; };
		4202386B27E8285F0042E988 /* ScooterUITestsLaunchTests.swift */ = {isa = PBXFileReference; lastKnownFileType = sourcecode.swift; path = ScooterUITestsLaunchTests.swift; sourceTree = "<group>"; };
		4202387E27E835BB0042E988 /* MainView.swift */ = {isa = PBXFileReference; lastKnownFileType = sourcecode.swift; path = MainView.swift; sourceTree = "<group>"; };
		4202388027E83A9F0042E988 /* BusView.swift */ = {isa = PBXFileReference; lastKnownFileType = sourcecode.swift; path = BusView.swift; sourceTree = "<group>"; };
		4202388227E83CAC0042E988 /* WalkView.swift */ = {isa = PBXFileReference; lastKnownFileType = sourcecode.swift; path = WalkView.swift; sourceTree = "<group>"; };
		4202388427E83FDE0042E988 /* ContentView.swift */ = {isa = PBXFileReference; fileEncoding = 4; lastKnownFileType = sourcecode.swift; path = ContentView.swift; sourceTree = "<group>"; };
		4202388627E83FEC0042E988 /* LandmarksApp.swift */ = {isa = PBXFileReference; fileEncoding = 4; lastKnownFileType = sourcecode.swift; path = LandmarksApp.swift; sourceTree = "<group>"; };
		4202388827E83FF90042E988 /* MapView.swift */ = {isa = PBXFileReference; fileEncoding = 4; lastKnownFileType = sourcecode.swift; path = MapView.swift; sourceTree = "<group>"; };
		801C3FE727E9056900F9556C /* ParkView.swift */ = {isa = PBXFileReference; lastKnownFileType = sourcecode.swift; path = ParkView.swift; sourceTree = "<group>"; };
		801C3FE927E908E300F9556C /* StartView.swift */ = {isa = PBXFileReference; fileEncoding = 4; lastKnownFileType = sourcecode.swift; path = StartView.swift; sourceTree = "<group>"; };
		E39CACFF27FE26D500752686 /* Info.plist */ = {isa = PBXFileReference; lastKnownFileType = text.plist; path = Info.plist; sourceTree = "<group>"; };
/* End PBXFileReference section */

/* Begin PBXFrameworksBuildPhase section */
		4202384827E8285D0042E988 /* Frameworks */ = {
			isa = PBXFrameworksBuildPhase;
			buildActionMask = 2147483647;
			files = (
				800706B127FE22E900EC42E1 /* Alamofire in Frameworks */,
				E39CACFE27FE23BD00752686 /* Alamofire in Frameworks */,
			);
			runOnlyForDeploymentPostprocessing = 0;
		};
		4202385827E8285F0042E988 /* Frameworks */ = {
			isa = PBXFrameworksBuildPhase;
			buildActionMask = 2147483647;
			files = (
			);
			runOnlyForDeploymentPostprocessing = 0;
		};
		4202386227E8285F0042E988 /* Frameworks */ = {
			isa = PBXFrameworksBuildPhase;
			buildActionMask = 2147483647;
			files = (
			);
			runOnlyForDeploymentPostprocessing = 0;
		};
/* End PBXFrameworksBuildPhase section */

/* Begin PBXGroup section */
		4202384227E8285D0042E988 = {
			isa = PBXGroup;
			children = (
				4202384D27E8285D0042E988 /* Scooter */,
				4202385E27E8285F0042E988 /* ScooterTests */,
				4202386827E8285F0042E988 /* ScooterUITests */,
				4202384C27E8285D0042E988 /* Products */,
			);
			sourceTree = "<group>";
		};
		4202384C27E8285D0042E988 /* Products */ = {
			isa = PBXGroup;
			children = (
				4202384B27E8285D0042E988 /* Scooter.app */,
				4202385B27E8285F0042E988 /* ScooterTests.xctest */,
				4202386527E8285F0042E988 /* ScooterUITests.xctest */,
			);
			name = Products;
			sourceTree = "<group>";
		};
		4202384D27E8285D0042E988 /* Scooter */ = {
			isa = PBXGroup;
			children = (
				E39CACFF27FE26D500752686 /* Info.plist */,
				256B574127FCE920001FF7EE /* FeedbackView.swift */,
				4202388827E83FF90042E988 /* MapView.swift */,
				2511CEC5280E2E600085AF4C /* ParkingMapView.swift */,
				4202388627E83FEC0042E988 /* LandmarksApp.swift */,
				4202388027E83A9F0042E988 /* BusView.swift */,
				2511CEBF280E0FE80085AF4C /* InfraViewController.swift */,
				4202388427E83FDE0042E988 /* ContentView.swift */,
				2511CEC3280E109E0085AF4C /* InfraView.swift */,
				801C3FE727E9056900F9556C /* ParkView.swift */,
				801C3FE927E908E300F9556C /* StartView.swift */,
				4202388227E83CAC0042E988 /* WalkView.swift */,
				4202387E27E835BB0042E988 /* MainView.swift */,
				4202385227E8285F0042E988 /* Assets.xcassets */,
				4202385427E8285F0042E988 /* Preview Content */,
			);
			path = Scooter;
			sourceTree = "<group>";
		};
		4202385427E8285F0042E988 /* Preview Content */ = {
			isa = PBXGroup;
			children = (
				4202385527E8285F0042E988 /* Preview Assets.xcassets */,
			);
			path = "Preview Content";
			sourceTree = "<group>";
		};
		4202385E27E8285F0042E988 /* ScooterTests */ = {
			isa = PBXGroup;
			children = (
				4202385F27E8285F0042E988 /* ScooterTests.swift */,
			);
			path = ScooterTests;
			sourceTree = "<group>";
		};
		4202386827E8285F0042E988 /* ScooterUITests */ = {
			isa = PBXGroup;
			children = (
				4202386927E8285F0042E988 /* ScooterUITests.swift */,
				4202386B27E8285F0042E988 /* ScooterUITestsLaunchTests.swift */,
			);
			path = ScooterUITests;
			sourceTree = "<group>";
		};
/* End PBXGroup section */

/* Begin PBXNativeTarget section */
		4202384A27E8285D0042E988 /* Scooter */ = {
			isa = PBXNativeTarget;
			buildConfigurationList = 4202386F27E8285F0042E988 /* Build configuration list for PBXNativeTarget "Scooter" */;
			buildPhases = (
				4202384727E8285D0042E988 /* Sources */,
				4202384827E8285D0042E988 /* Frameworks */,
				4202384927E8285D0042E988 /* Resources */,
			);
			buildRules = (
			);
			dependencies = (
			);
			name = Scooter;
			packageProductDependencies = (
				800706B027FE22E900EC42E1 /* Alamofire */,
				E39CACFD27FE23BD00752686 /* Alamofire */,
			);
			productName = Scooter;
			productReference = 4202384B27E8285D0042E988 /* Scooter.app */;
			productType = "com.apple.product-type.application";
		};
		4202385A27E8285F0042E988 /* ScooterTests */ = {
			isa = PBXNativeTarget;
			buildConfigurationList = 4202387227E8285F0042E988 /* Build configuration list for PBXNativeTarget "ScooterTests" */;
			buildPhases = (
				4202385727E8285F0042E988 /* Sources */,
				4202385827E8285F0042E988 /* Frameworks */,
				4202385927E8285F0042E988 /* Resources */,
			);
			buildRules = (
			);
			dependencies = (
				4202385D27E8285F0042E988 /* PBXTargetDependency */,
			);
			name = ScooterTests;
			productName = ScooterTests;
			productReference = 4202385B27E8285F0042E988 /* ScooterTests.xctest */;
			productType = "com.apple.product-type.bundle.unit-test";
		};
		4202386427E8285F0042E988 /* ScooterUITests */ = {
			isa = PBXNativeTarget;
			buildConfigurationList = 4202387527E8285F0042E988 /* Build configuration list for PBXNativeTarget "ScooterUITests" */;
			buildPhases = (
				4202386127E8285F0042E988 /* Sources */,
				4202386227E8285F0042E988 /* Frameworks */,
				4202386327E8285F0042E988 /* Resources */,
			);
			buildRules = (
			);
			dependencies = (
				4202386727E8285F0042E988 /* PBXTargetDependency */,
			);
			name = ScooterUITests;
			productName = ScooterUITests;
			productReference = 4202386527E8285F0042E988 /* ScooterUITests.xctest */;
			productType = "com.apple.product-type.bundle.ui-testing";
		};
/* End PBXNativeTarget section */

/* Begin PBXProject section */
		4202384327E8285D0042E988 /* Project object */ = {
			isa = PBXProject;
			attributes = {
				BuildIndependentTargetsInParallel = 1;
				LastSwiftUpdateCheck = 1330;
				LastUpgradeCheck = 1330;
				TargetAttributes = {
					4202384A27E8285D0042E988 = {
						CreatedOnToolsVersion = 13.3;
					};
					4202385A27E8285F0042E988 = {
						CreatedOnToolsVersion = 13.3;
						TestTargetID = 4202384A27E8285D0042E988;
					};
					4202386427E8285F0042E988 = {
						CreatedOnToolsVersion = 13.3;
						TestTargetID = 4202384A27E8285D0042E988;
					};
				};
			};
			buildConfigurationList = 4202384627E8285D0042E988 /* Build configuration list for PBXProject "Scooter" */;
			compatibilityVersion = "Xcode 13.0";
			developmentRegion = en;
			hasScannedForEncodings = 0;
			knownRegions = (
				en,
				Base,
			);
			mainGroup = 4202384227E8285D0042E988;
			packageReferences = (
				800706AF27FE22E900EC42E1 /* XCRemoteSwiftPackageReference "Alamofire" */,
				E39CACFC27FE23BD00752686 /* XCRemoteSwiftPackageReference "Alamofire" */,
			);
			productRefGroup = 4202384C27E8285D0042E988 /* Products */;
			projectDirPath = "";
			projectRoot = "";
			targets = (
				4202384A27E8285D0042E988 /* Scooter */,
				4202385A27E8285F0042E988 /* ScooterTests */,
				4202386427E8285F0042E988 /* ScooterUITests */,
			);
		};
/* End PBXProject section */

/* Begin PBXResourcesBuildPhase section */
		4202384927E8285D0042E988 /* Resources */ = {
			isa = PBXResourcesBuildPhase;
			buildActionMask = 2147483647;
			files = (
				4202385627E8285F0042E988 /* Preview Assets.xcassets in Resources */,
				4202385327E8285F0042E988 /* Assets.xcassets in Resources */,
			);
			runOnlyForDeploymentPostprocessing = 0;
		};
		4202385927E8285F0042E988 /* Resources */ = {
			isa = PBXResourcesBuildPhase;
			buildActionMask = 2147483647;
			files = (
			);
			runOnlyForDeploymentPostprocessing = 0;
		};
		4202386327E8285F0042E988 /* Resources */ = {
			isa = PBXResourcesBuildPhase;
			buildActionMask = 2147483647;
			files = (
			);
			runOnlyForDeploymentPostprocessing = 0;
		};
/* End PBXResourcesBuildPhase section */

/* Begin PBXSourcesBuildPhase section */
		4202384727E8285D0042E988 /* Sources */ = {
			isa = PBXSourcesBuildPhase;
			buildActionMask = 2147483647;
			files = (
				4202388327E83CAC0042E988 /* WalkView.swift in Sources */,
				4202388927E83FF90042E988 /* MapView.swift in Sources */,
				256B574227FCE920001FF7EE /* FeedbackView.swift in Sources */,
				4202387F27E835BB0042E988 /* MainView.swift in Sources */,
				2511CEC6280E2E600085AF4C /* ParkingMapView.swift in Sources */,
				2511CEC4280E109E0085AF4C /* InfraView.swift in Sources */,
				801C3FEA27E908E300F9556C /* StartView.swift in Sources */,
				4202388527E83FDE0042E988 /* ContentView.swift in Sources */,
				2511CEC0280E0FE80085AF4C /* InfraViewController.swift in Sources */,
				4202388727E83FEC0042E988 /* LandmarksApp.swift in Sources */,
				801C3FE827E9056900F9556C /* ParkView.swift in Sources */,
				4202388127E83A9F0042E988 /* BusView.swift in Sources */,
			);
			runOnlyForDeploymentPostprocessing = 0;
		};
		4202385727E8285F0042E988 /* Sources */ = {
			isa = PBXSourcesBuildPhase;
			buildActionMask = 2147483647;
			files = (
				4202386027E8285F0042E988 /* ScooterTests.swift in Sources */,
			);
			runOnlyForDeploymentPostprocessing = 0;
		};
		4202386127E8285F0042E988 /* Sources */ = {
			isa = PBXSourcesBuildPhase;
			buildActionMask = 2147483647;
			files = (
				4202386C27E8285F0042E988 /* ScooterUITestsLaunchTests.swift in Sources */,
				4202386A27E8285F0042E988 /* ScooterUITests.swift in Sources */,
			);
			runOnlyForDeploymentPostprocessing = 0;
		};
/* End PBXSourcesBuildPhase section */

/* Begin PBXTargetDependency section */
		4202385D27E8285F0042E988 /* PBXTargetDependency */ = {
			isa = PBXTargetDependency;
			target = 4202384A27E8285D0042E988 /* Scooter */;
			targetProxy = 4202385C27E8285F0042E988 /* PBXContainerItemProxy */;
		};
		4202386727E8285F0042E988 /* PBXTargetDependency */ = {
			isa = PBXTargetDependency;
			target = 4202384A27E8285D0042E988 /* Scooter */;
			targetProxy = 4202386627E8285F0042E988 /* PBXContainerItemProxy */;
		};
/* End PBXTargetDependency section */

/* Begin XCBuildConfiguration section */
		4202386D27E8285F0042E988 /* Debug */ = {
			isa = XCBuildConfiguration;
			buildSettings = {
				ALWAYS_SEARCH_USER_PATHS = NO;
				CLANG_ANALYZER_NONNULL = YES;
				CLANG_ANALYZER_NUMBER_OBJECT_CONVERSION = YES_AGGRESSIVE;
				CLANG_CXX_LANGUAGE_STANDARD = "gnu++17";
				CLANG_ENABLE_MODULES = YES;
				CLANG_ENABLE_OBJC_ARC = YES;
				CLANG_ENABLE_OBJC_WEAK = YES;
				CLANG_WARN_BLOCK_CAPTURE_AUTORELEASING = YES;
				CLANG_WARN_BOOL_CONVERSION = YES;
				CLANG_WARN_COMMA = YES;
				CLANG_WARN_CONSTANT_CONVERSION = YES;
				CLANG_WARN_DEPRECATED_OBJC_IMPLEMENTATIONS = YES;
				CLANG_WARN_DIRECT_OBJC_ISA_USAGE = YES_ERROR;
				CLANG_WARN_DOCUMENTATION_COMMENTS = YES;
				CLANG_WARN_EMPTY_BODY = YES;
				CLANG_WARN_ENUM_CONVERSION = YES;
				CLANG_WARN_INFINITE_RECURSION = YES;
				CLANG_WARN_INT_CONVERSION = YES;
				CLANG_WARN_NON_LITERAL_NULL_CONVERSION = YES;
				CLANG_WARN_OBJC_IMPLICIT_RETAIN_SELF = YES;
				CLANG_WARN_OBJC_LITERAL_CONVERSION = YES;
				CLANG_WARN_OBJC_ROOT_CLASS = YES_ERROR;
				CLANG_WARN_QUOTED_INCLUDE_IN_FRAMEWORK_HEADER = YES;
				CLANG_WARN_RANGE_LOOP_ANALYSIS = YES;
				CLANG_WARN_STRICT_PROTOTYPES = YES;
				CLANG_WARN_SUSPICIOUS_MOVE = YES;
				CLANG_WARN_UNGUARDED_AVAILABILITY = YES_AGGRESSIVE;
				CLANG_WARN_UNREACHABLE_CODE = YES;
				CLANG_WARN__DUPLICATE_METHOD_MATCH = YES;
				COPY_PHASE_STRIP = NO;
				DEBUG_INFORMATION_FORMAT = dwarf;
				ENABLE_STRICT_OBJC_MSGSEND = YES;
				ENABLE_TESTABILITY = YES;
				GCC_C_LANGUAGE_STANDARD = gnu11;
				GCC_DYNAMIC_NO_PIC = NO;
				GCC_NO_COMMON_BLOCKS = YES;
				GCC_OPTIMIZATION_LEVEL = 0;
				GCC_PREPROCESSOR_DEFINITIONS = (
					"DEBUG=1",
					"$(inherited)",
				);
				GCC_WARN_64_TO_32_BIT_CONVERSION = YES;
				GCC_WARN_ABOUT_RETURN_TYPE = YES_ERROR;
				GCC_WARN_UNDECLARED_SELECTOR = YES;
				GCC_WARN_UNINITIALIZED_AUTOS = YES_AGGRESSIVE;
				GCC_WARN_UNUSED_FUNCTION = YES;
				GCC_WARN_UNUSED_VARIABLE = YES;
				IPHONEOS_DEPLOYMENT_TARGET = 15.4;
				MTL_ENABLE_DEBUG_INFO = INCLUDE_SOURCE;
				MTL_FAST_MATH = YES;
				ONLY_ACTIVE_ARCH = YES;
				SDKROOT = iphoneos;
				SWIFT_ACTIVE_COMPILATION_CONDITIONS = DEBUG;
				SWIFT_OPTIMIZATION_LEVEL = "-Onone";
			};
			name = Debug;
		};
		4202386E27E8285F0042E988 /* Release */ = {
			isa = XCBuildConfiguration;
			buildSettings = {
				ALWAYS_SEARCH_USER_PATHS = NO;
				CLANG_ANALYZER_NONNULL = YES;
				CLANG_ANALYZER_NUMBER_OBJECT_CONVERSION = YES_AGGRESSIVE;
				CLANG_CXX_LANGUAGE_STANDARD = "gnu++17";
				CLANG_ENABLE_MODULES = YES;
				CLANG_ENABLE_OBJC_ARC = YES;
				CLANG_ENABLE_OBJC_WEAK = YES;
				CLANG_WARN_BLOCK_CAPTURE_AUTORELEASING = YES;
				CLANG_WARN_BOOL_CONVERSION = YES;
				CLANG_WARN_COMMA = YES;
				CLANG_WARN_CONSTANT_CONVERSION = YES;
				CLANG_WARN_DEPRECATED_OBJC_IMPLEMENTATIONS = YES;
				CLANG_WARN_DIRECT_OBJC_ISA_USAGE = YES_ERROR;
				CLANG_WARN_DOCUMENTATION_COMMENTS = YES;
				CLANG_WARN_EMPTY_BODY = YES;
				CLANG_WARN_ENUM_CONVERSION = YES;
				CLANG_WARN_INFINITE_RECURSION = YES;
				CLANG_WARN_INT_CONVERSION = YES;
				CLANG_WARN_NON_LITERAL_NULL_CONVERSION = YES;
				CLANG_WARN_OBJC_IMPLICIT_RETAIN_SELF = YES;
				CLANG_WARN_OBJC_LITERAL_CONVERSION = YES;
				CLANG_WARN_OBJC_ROOT_CLASS = YES_ERROR;
				CLANG_WARN_QUOTED_INCLUDE_IN_FRAMEWORK_HEADER = YES;
				CLANG_WARN_RANGE_LOOP_ANALYSIS = YES;
				CLANG_WARN_STRICT_PROTOTYPES = YES;
				CLANG_WARN_SUSPICIOUS_MOVE = YES;
				CLANG_WARN_UNGUARDED_AVAILABILITY = YES_AGGRESSIVE;
				CLANG_WARN_UNREACHABLE_CODE = YES;
				CLANG_WARN__DUPLICATE_METHOD_MATCH = YES;
				COPY_PHASE_STRIP = NO;
				DEBUG_INFORMATION_FORMAT = "dwarf-with-dsym";
				ENABLE_NS_ASSERTIONS = NO;
				ENABLE_STRICT_OBJC_MSGSEND = YES;
				GCC_C_LANGUAGE_STANDARD = gnu11;
				GCC_NO_COMMON_BLOCKS = YES;
				GCC_WARN_64_TO_32_BIT_CONVERSION = YES;
				GCC_WARN_ABOUT_RETURN_TYPE = YES_ERROR;
				GCC_WARN_UNDECLARED_SELECTOR = YES;
				GCC_WARN_UNINITIALIZED_AUTOS = YES_AGGRESSIVE;
				GCC_WARN_UNUSED_FUNCTION = YES;
				GCC_WARN_UNUSED_VARIABLE = YES;
				IPHONEOS_DEPLOYMENT_TARGET = 15.4;
				MTL_ENABLE_DEBUG_INFO = NO;
				MTL_FAST_MATH = YES;
				SDKROOT = iphoneos;
				SWIFT_COMPILATION_MODE = wholemodule;
				SWIFT_OPTIMIZATION_LEVEL = "-O";
				VALIDATE_PRODUCT = YES;
			};
			name = Release;
		};
		4202387027E8285F0042E988 /* Debug */ = {
			isa = XCBuildConfiguration;
			buildSettings = {
				ASSETCATALOG_COMPILER_APPICON_NAME = AppIcon;
				ASSETCATALOG_COMPILER_GLOBAL_ACCENT_COLOR_NAME = AccentColor;
				CODE_SIGN_STYLE = Automatic;
				CURRENT_PROJECT_VERSION = 1;
				DEVELOPMENT_ASSET_PATHS = "\"Scooter/Preview Content\"";
				DEVELOPMENT_TEAM = 84X6B337TD;
				ENABLE_PREVIEWS = YES;
				GENERATE_INFOPLIST_FILE = YES;
				INFOPLIST_FILE = Scooter/Info.plist;
				INFOPLIST_KEY_UIApplicationSceneManifest_Generation = YES;
				INFOPLIST_KEY_UIApplicationSupportsIndirectInputEvents = YES;
				INFOPLIST_KEY_UILaunchScreen_Generation = YES;
				INFOPLIST_KEY_UISupportedInterfaceOrientations_iPad = "UIInterfaceOrientationPortrait UIInterfaceOrientationPortraitUpsideDown UIInterfaceOrientationLandscapeLeft UIInterfaceOrientationLandscapeRight";
				INFOPLIST_KEY_UISupportedInterfaceOrientations_iPhone = "UIInterfaceOrientationPortrait UIInterfaceOrientationLandscapeLeft UIInterfaceOrientationLandscapeRight";
				LD_RUNPATH_SEARCH_PATHS = (
					"$(inherited)",
					"@executable_path/Frameworks",
				);
				MARKETING_VERSION = 1.0;
				PRODUCT_BUNDLE_IDENTIFIER = "com.test.aaaa---";
				PRODUCT_NAME = "$(TARGET_NAME)";
				SWIFT_EMIT_LOC_STRINGS = YES;
				SWIFT_VERSION = 5.0;
				TARGETED_DEVICE_FAMILY = "1,2";
			};
			name = Debug;
		};
		4202387127E8285F0042E988 /* Release */ = {
			isa = XCBuildConfiguration;
			buildSettings = {
				ASSETCATALOG_COMPILER_APPICON_NAME = AppIcon;
				ASSETCATALOG_COMPILER_GLOBAL_ACCENT_COLOR_NAME = AccentColor;
				CODE_SIGN_STYLE = Automatic;
				CURRENT_PROJECT_VERSION = 1;
				DEVELOPMENT_ASSET_PATHS = "\"Scooter/Preview Content\"";
				DEVELOPMENT_TEAM = 84X6B337TD;
				ENABLE_PREVIEWS = YES;
				GENERATE_INFOPLIST_FILE = YES;
				INFOPLIST_FILE = Scooter/Info.plist;
				INFOPLIST_KEY_UIApplicationSceneManifest_Generation = YES;
				INFOPLIST_KEY_UIApplicationSupportsIndirectInputEvents = YES;
				INFOPLIST_KEY_UILaunchScreen_Generation = YES;
				INFOPLIST_KEY_UISupportedInterfaceOrientations_iPad = "UIInterfaceOrientationPortrait UIInterfaceOrientationPortraitUpsideDown UIInterfaceOrientationLandscapeLeft UIInterfaceOrientationLandscapeRight";
				INFOPLIST_KEY_UISupportedInterfaceOrientations_iPhone = "UIInterfaceOrientationPortrait UIInterfaceOrientationLandscapeLeft UIInterfaceOrientationLandscapeRight";
				LD_RUNPATH_SEARCH_PATHS = (
					"$(inherited)",
					"@executable_path/Frameworks",
				);
				MARKETING_VERSION = 1.0;
				PRODUCT_BUNDLE_IDENTIFIER = "com.test.aaaa---";
				PRODUCT_NAME = "$(TARGET_NAME)";
				SWIFT_EMIT_LOC_STRINGS = YES;
				SWIFT_VERSION = 5.0;
				TARGETED_DEVICE_FAMILY = "1,2";
			};
			name = Release;
		};
		4202387327E8285F0042E988 /* Debug */ = {
			isa = XCBuildConfiguration;
			buildSettings = {
				ALWAYS_EMBED_SWIFT_STANDARD_LIBRARIES = YES;
				BUNDLE_LOADER = "$(TEST_HOST)";
				CODE_SIGN_STYLE = Automatic;
				CURRENT_PROJECT_VERSION = 1;
				GENERATE_INFOPLIST_FILE = YES;
				IPHONEOS_DEPLOYMENT_TARGET = 15.4;
				MARKETING_VERSION = 1.0;
				PRODUCT_BUNDLE_IDENTIFIER = None.ScooterTests;
				PRODUCT_NAME = "$(TARGET_NAME)";
				SWIFT_EMIT_LOC_STRINGS = NO;
				SWIFT_VERSION = 5.0;
				TARGETED_DEVICE_FAMILY = "1,2";
				TEST_HOST = "$(BUILT_PRODUCTS_DIR)/Scooter.app/Scooter";
			};
			name = Debug;
		};
		4202387427E8285F0042E988 /* Release */ = {
			isa = XCBuildConfiguration;
			buildSettings = {
				ALWAYS_EMBED_SWIFT_STANDARD_LIBRARIES = YES;
				BUNDLE_LOADER = "$(TEST_HOST)";
				CODE_SIGN_STYLE = Automatic;
				CURRENT_PROJECT_VERSION = 1;
				GENERATE_INFOPLIST_FILE = YES;
				IPHONEOS_DEPLOYMENT_TARGET = 15.4;
				MARKETING_VERSION = 1.0;
				PRODUCT_BUNDLE_IDENTIFIER = None.ScooterTests;
				PRODUCT_NAME = "$(TARGET_NAME)";
				SWIFT_EMIT_LOC_STRINGS = NO;
				SWIFT_VERSION = 5.0;
				TARGETED_DEVICE_FAMILY = "1,2";
				TEST_HOST = "$(BUILT_PRODUCTS_DIR)/Scooter.app/Scooter";
			};
			name = Release;
		};
		4202387627E8285F0042E988 /* Debug */ = {
			isa = XCBuildConfiguration;
			buildSettings = {
				ALWAYS_EMBED_SWIFT_STANDARD_LIBRARIES = YES;
				CODE_SIGN_STYLE = Automatic;
				CURRENT_PROJECT_VERSION = 1;
				GENERATE_INFOPLIST_FILE = YES;
				MARKETING_VERSION = 1.0;
				PRODUCT_BUNDLE_IDENTIFIER = None.ScooterUITests;
				PRODUCT_NAME = "$(TARGET_NAME)";
				SWIFT_EMIT_LOC_STRINGS = NO;
				SWIFT_VERSION = 5.0;
				TARGETED_DEVICE_FAMILY = "1,2";
				TEST_TARGET_NAME = Scooter;
			};
			name = Debug;
		};
		4202387727E8285F0042E988 /* Release */ = {
			isa = XCBuildConfiguration;
			buildSettings = {
				ALWAYS_EMBED_SWIFT_STANDARD_LIBRARIES = YES;
				CODE_SIGN_STYLE = Automatic;
				CURRENT_PROJECT_VERSION = 1;
				GENERATE_INFOPLIST_FILE = YES;
				MARKETING_VERSION = 1.0;
				PRODUCT_BUNDLE_IDENTIFIER = None.ScooterUITests;
				PRODUCT_NAME = "$(TARGET_NAME)";
				SWIFT_EMIT_LOC_STRINGS = NO;
				SWIFT_VERSION = 5.0;
				TARGETED_DEVICE_FAMILY = "1,2";
				TEST_TARGET_NAME = Scooter;
			};
			name = Release;
		};
/* End XCBuildConfiguration section */

/* Begin XCConfigurationList section */
		4202384627E8285D0042E988 /* Build configuration list for PBXProject "Scooter" */ = {
			isa = XCConfigurationList;
			buildConfigurations = (
				4202386D27E8285F0042E988 /* Debug */,
				4202386E27E8285F0042E988 /* Release */,
			);
			defaultConfigurationIsVisible = 0;
			defaultConfigurationName = Release;
		};
		4202386F27E8285F0042E988 /* Build configuration list for PBXNativeTarget "Scooter" */ = {
			isa = XCConfigurationList;
			buildConfigurations = (
				4202387027E8285F0042E988 /* Debug */,
				4202387127E8285F0042E988 /* Release */,
			);
			defaultConfigurationIsVisible = 0;
			defaultConfigurationName = Release;
		};
		4202387227E8285F0042E988 /* Build configuration list for PBXNativeTarget "ScooterTests" */ = {
			isa = XCConfigurationList;
			buildConfigurations = (
				4202387327E8285F0042E988 /* Debug */,
				4202387427E8285F0042E988 /* Release */,
			);
			defaultConfigurationIsVisible = 0;
			defaultConfigurationName = Release;
		};
		4202387527E8285F0042E988 /* Build configuration list for PBXNativeTarget "ScooterUITests" */ = {
			isa = XCConfigurationList;
			buildConfigurations = (
				4202387627E8285F0042E988 /* Debug */,
				4202387727E8285F0042E988 /* Release */,
			);
			defaultConfigurationIsVisible = 0;
			defaultConfigurationName = Release;
		};
/* End XCConfigurationList section */

/* Begin XCRemoteSwiftPackageReference section */
		800706AF27FE22E900EC42E1 /* XCRemoteSwiftPackageReference "Alamofire" */ = {
			isa = XCRemoteSwiftPackageReference;
			repositoryURL = "https://github.com/Alamofire/Alamofire.git";
			requirement = {
				kind = upToNextMajorVersion;
				minimumVersion = 5.5.0;
			};
		};
		E39CACFC27FE23BD00752686 /* XCRemoteSwiftPackageReference "Alamofire" */ = {
			isa = XCRemoteSwiftPackageReference;
			repositoryURL = "https://github.com/Alamofire/Alamofire.git";
			requirement = {
				kind = upToNextMajorVersion;
				minimumVersion = 5.5.0;
			};
		};
/* End XCRemoteSwiftPackageReference section */

/* Begin XCSwiftPackageProductDependency section */
		800706B027FE22E900EC42E1 /* Alamofire */ = {
			isa = XCSwiftPackageProductDependency;
			package = 800706AF27FE22E900EC42E1 /* XCRemoteSwiftPackageReference "Alamofire" */;
			productName = Alamofire;
		};
		E39CACFD27FE23BD00752686 /* Alamofire */ = {
			isa = XCSwiftPackageProductDependency;
			package = 800706AF27FE22E900EC42E1 /* XCRemoteSwiftPackageReference "Alamofire" */;
			productName = Alamofire;
		};
/* End XCSwiftPackageProductDependency section */
	};
	rootObject = 4202384327E8285D0042E988 /* Project object */;
}
